// !$*UTF8*$!
{
	archiveVersion = 1;
	classes = {
	};
	objectVersion = 50;
	objects = {

/* Begin PBXBuildFile section */
		1822379224A77DC40036D6E3 /* UserInfoVC.swift in Sources */ = {isa = PBXBuildFile; fileRef = 1822379124A77DC40036D6E3 /* UserInfoVC.swift */; };
		18570E5C24AB982500D9403D /* PersistenceManager.swift in Sources */ = {isa = PBXBuildFile; fileRef = 18570E5B24AB982500D9403D /* PersistenceManager.swift */; };
		18570E5E24ABA57E00D9403D /* FavoriteCell.swift in Sources */ = {isa = PBXBuildFile; fileRef = 18570E5D24ABA57E00D9403D /* FavoriteCell.swift */; };
		18570E6124ABB42100D9403D /* GFTabBarController.swift in Sources */ = {isa = PBXBuildFile; fileRef = 18570E6024ABB42100D9403D /* GFTabBarController.swift */; };
		188DDEFC24A7C84000AD50CD /* GFError.swift in Sources */ = {isa = PBXBuildFile; fileRef = 188DDEFB24A7C84000AD50CD /* GFError.swift */; };
		188DDEFE24A7CE2400AD50CD /* GFUserInfoHeaderVC.swift in Sources */ = {isa = PBXBuildFile; fileRef = 188DDEFD24A7CE2400AD50CD /* GFUserInfoHeaderVC.swift */; };
		188DDF0024A7CE8A00AD50CD /* GFSecondaryTitleLabel.swift in Sources */ = {isa = PBXBuildFile; fileRef = 188DDEFF24A7CE8A00AD50CD /* GFSecondaryTitleLabel.swift */; };
		188DDF0224A7D57A00AD50CD /* Constants.swift in Sources */ = {isa = PBXBuildFile; fileRef = 188DDF0124A7D57A00AD50CD /* Constants.swift */; };
		188F8B5624A66A3B00BD614D /* FollowerCell.swift in Sources */ = {isa = PBXBuildFile; fileRef = 188F8B5524A66A3B00BD614D /* FollowerCell.swift */; };
		188F8B5824A66AD100BD614D /* GFAvatarImageView.swift in Sources */ = {isa = PBXBuildFile; fileRef = 188F8B5724A66AD100BD614D /* GFAvatarImageView.swift */; };
		188F8B5A24A68B5700BD614D /* UIHelper.swift in Sources */ = {isa = PBXBuildFile; fileRef = 188F8B5924A68B5700BD614D /* UIHelper.swift */; };
		188F8B5F24A69F4400BD614D /* GFEmptyStateView.swift in Sources */ = {isa = PBXBuildFile; fileRef = 188F8B5E24A69F4400BD614D /* GFEmptyStateView.swift */; };
		189DB59124A9215100E3A334 /* Date+Ext.swift in Sources */ = {isa = PBXBuildFile; fileRef = 189DB59024A9215100E3A334 /* Date+Ext.swift */; };
		18A7EEF724A4026A003F750A /* AppDelegate.swift in Sources */ = {isa = PBXBuildFile; fileRef = 18A7EEF624A4026A003F750A /* AppDelegate.swift */; };
		18A7EEF924A4026A003F750A /* SceneDelegate.swift in Sources */ = {isa = PBXBuildFile; fileRef = 18A7EEF824A4026A003F750A /* SceneDelegate.swift */; };
		18A7EF0024A4026D003F750A /* Assets.xcassets in Resources */ = {isa = PBXBuildFile; fileRef = 18A7EEFF24A4026D003F750A /* Assets.xcassets */; };
		18A7EF0324A4026D003F750A /* LaunchScreen.storyboard in Resources */ = {isa = PBXBuildFile; fileRef = 18A7EF0124A4026D003F750A /* LaunchScreen.storyboard */; };
		18A7EF0B24A409AA003F750A /* SearchVC.swift in Sources */ = {isa = PBXBuildFile; fileRef = 18A7EF0A24A409AA003F750A /* SearchVC.swift */; };
		18A7EF0D24A409DD003F750A /* FavoritesListVC.swift in Sources */ = {isa = PBXBuildFile; fileRef = 18A7EF0C24A409DD003F750A /* FavoritesListVC.swift */; };
		18A7EF0F24A4116D003F750A /* GFButton.swift in Sources */ = {isa = PBXBuildFile; fileRef = 18A7EF0E24A4116D003F750A /* GFButton.swift */; };
		18A7EF1124A414BC003F750A /* GFTextField.swift in Sources */ = {isa = PBXBuildFile; fileRef = 18A7EF1024A414BC003F750A /* GFTextField.swift */; };
		18A7EF1324A4281D003F750A /* FollowerListVC.swift in Sources */ = {isa = PBXBuildFile; fileRef = 18A7EF1224A4281D003F750A /* FollowerListVC.swift */; };
		18C6B14124ABE30400A10603 /* GFAlertContainerView.swift in Sources */ = {isa = PBXBuildFile; fileRef = 18C6B14024ABE30400A10603 /* GFAlertContainerView.swift */; };
		18C6B14324ABE9F800A10603 /* GFDataLoadingVC.swift in Sources */ = {isa = PBXBuildFile; fileRef = 18C6B14224ABE9F800A10603 /* GFDataLoadingVC.swift */; };
		18C6B14524ABF2DC00A10603 /* UIView+Ext.swift in Sources */ = {isa = PBXBuildFile; fileRef = 18C6B14424ABF2DC00A10603 /* UIView+Ext.swift */; };
		18C6B14724ABFCB900A10603 /* UITableView+Ext.swift in Sources */ = {isa = PBXBuildFile; fileRef = 18C6B14624ABFCB900A10603 /* UITableView+Ext.swift */; };
		18CC8D7624A47CDB002173EF /* GFTitleLabel.swift in Sources */ = {isa = PBXBuildFile; fileRef = 18CC8D7524A47CDB002173EF /* GFTitleLabel.swift */; };
		18CC8D7824A47E37002173EF /* GFBodyLabel.swift in Sources */ = {isa = PBXBuildFile; fileRef = 18CC8D7724A47E37002173EF /* GFBodyLabel.swift */; };
		18CC8D7A24A47F00002173EF /* CFAlertVC.swift in Sources */ = {isa = PBXBuildFile; fileRef = 18CC8D7924A47F00002173EF /* CFAlertVC.swift */; };
		18CC8D7C24A485A6002173EF /* UIViewController+Ext.swift in Sources */ = {isa = PBXBuildFile; fileRef = 18CC8D7B24A485A6002173EF /* UIViewController+Ext.swift */; };
		18E5788524A90C8500C0705F /* GFItemInfoView.swift in Sources */ = {isa = PBXBuildFile; fileRef = 18E5788424A90C8500C0705F /* GFItemInfoView.swift */; };
		18E5788724A9117C00C0705F /* GFItemInfoVC.swift in Sources */ = {isa = PBXBuildFile; fileRef = 18E5788624A9117C00C0705F /* GFItemInfoVC.swift */; };
		18E5788924A916B800C0705F /* GFRepoItemVC1.swift in Sources */ = {isa = PBXBuildFile; fileRef = 18E5788824A916B800C0705F /* GFRepoItemVC1.swift */; };
		18E5788B24A91AB900C0705F /* GFFollowerItemVC1.swift in Sources */ = {isa = PBXBuildFile; fileRef = 18E5788A24A91AB900C0705F /* GFFollowerItemVC1.swift */; };
		18EF948524A4EBC1009A1670 /* Follower.swift in Sources */ = {isa = PBXBuildFile; fileRef = 18EF948424A4EBC1009A1670 /* Follower.swift */; };
		18EF948724A4EC81009A1670 /* User.swift in Sources */ = {isa = PBXBuildFile; fileRef = 18EF948624A4EC81009A1670 /* User.swift */; };
		18EF948A24A4F11F009A1670 /* NetworkManager.swift in Sources */ = {isa = PBXBuildFile; fileRef = 18EF948924A4F11F009A1670 /* NetworkManager.swift */; };
/* End PBXBuildFile section */

/* Begin PBXFileReference section */
		1822379124A77DC40036D6E3 /* UserInfoVC.swift */ = {isa = PBXFileReference; lastKnownFileType = sourcecode.swift; path = UserInfoVC.swift; sourceTree = "<group>"; };
		18570E5B24AB982500D9403D /* PersistenceManager.swift */ = {isa = PBXFileReference; lastKnownFileType = sourcecode.swift; path = PersistenceManager.swift; sourceTree = "<group>"; };
		18570E5D24ABA57E00D9403D /* FavoriteCell.swift */ = {isa = PBXFileReference; lastKnownFileType = sourcecode.swift; path = FavoriteCell.swift; sourceTree = "<group>"; };
		18570E6024ABB42100D9403D /* GFTabBarController.swift */ = {isa = PBXFileReference; lastKnownFileType = sourcecode.swift; path = GFTabBarController.swift; sourceTree = "<group>"; };
		188DDEFB24A7C84000AD50CD /* GFError.swift */ = {isa = PBXFileReference; lastKnownFileType = sourcecode.swift; path = GFError.swift; sourceTree = "<group>"; };
		188DDEFD24A7CE2400AD50CD /* GFUserInfoHeaderVC.swift */ = {isa = PBXFileReference; lastKnownFileType = sourcecode.swift; path = GFUserInfoHeaderVC.swift; sourceTree = "<group>"; };
		188DDEFF24A7CE8A00AD50CD /* GFSecondaryTitleLabel.swift */ = {isa = PBXFileReference; lastKnownFileType = sourcecode.swift; path = GFSecondaryTitleLabel.swift; sourceTree = "<group>"; };
		188DDF0124A7D57A00AD50CD /* Constants.swift */ = {isa = PBXFileReference; lastKnownFileType = sourcecode.swift; path = Constants.swift; sourceTree = "<group>"; };
		188F8B5524A66A3B00BD614D /* FollowerCell.swift */ = {isa = PBXFileReference; lastKnownFileType = sourcecode.swift; path = FollowerCell.swift; sourceTree = "<group>"; };
		188F8B5724A66AD100BD614D /* GFAvatarImageView.swift */ = {isa = PBXFileReference; lastKnownFileType = sourcecode.swift; path = GFAvatarImageView.swift; sourceTree = "<group>"; };
		188F8B5924A68B5700BD614D /* UIHelper.swift */ = {isa = PBXFileReference; lastKnownFileType = sourcecode.swift; path = UIHelper.swift; sourceTree = "<group>"; };
		188F8B5E24A69F4400BD614D /* GFEmptyStateView.swift */ = {isa = PBXFileReference; lastKnownFileType = sourcecode.swift; path = GFEmptyStateView.swift; sourceTree = "<group>"; };
		189DB59024A9215100E3A334 /* Date+Ext.swift */ = {isa = PBXFileReference; lastKnownFileType = sourcecode.swift; path = "Date+Ext.swift"; sourceTree = "<group>"; };
		18A7EEF324A4026A003F750A /* GHFollowers.app */ = {isa = PBXFileReference; explicitFileType = wrapper.application; includeInIndex = 0; path = GHFollowers.app; sourceTree = BUILT_PRODUCTS_DIR; };
		18A7EEF624A4026A003F750A /* AppDelegate.swift */ = {isa = PBXFileReference; lastKnownFileType = sourcecode.swift; path = AppDelegate.swift; sourceTree = "<group>"; };
		18A7EEF824A4026A003F750A /* SceneDelegate.swift */ = {isa = PBXFileReference; lastKnownFileType = sourcecode.swift; path = SceneDelegate.swift; sourceTree = "<group>"; };
		18A7EEFF24A4026D003F750A /* Assets.xcassets */ = {isa = PBXFileReference; lastKnownFileType = folder.assetcatalog; path = Assets.xcassets; sourceTree = "<group>"; };
		18A7EF0224A4026D003F750A /* Base */ = {isa = PBXFileReference; lastKnownFileType = file.storyboard; name = Base; path = Base.lproj/LaunchScreen.storyboard; sourceTree = "<group>"; };
		18A7EF0424A4026D003F750A /* Info.plist */ = {isa = PBXFileReference; lastKnownFileType = text.plist.xml; path = Info.plist; sourceTree = "<group>"; };
		18A7EF0A24A409AA003F750A /* SearchVC.swift */ = {isa = PBXFileReference; lastKnownFileType = sourcecode.swift; path = SearchVC.swift; sourceTree = "<group>"; };
		18A7EF0C24A409DD003F750A /* FavoritesListVC.swift */ = {isa = PBXFileReference; lastKnownFileType = sourcecode.swift; path = FavoritesListVC.swift; sourceTree = "<group>"; };
		18A7EF0E24A4116D003F750A /* GFButton.swift */ = {isa = PBXFileReference; lastKnownFileType = sourcecode.swift; path = GFButton.swift; sourceTree = "<group>"; };
		18A7EF1024A414BC003F750A /* GFTextField.swift */ = {isa = PBXFileReference; lastKnownFileType = sourcecode.swift; path = GFTextField.swift; sourceTree = "<group>"; };
		18A7EF1224A4281D003F750A /* FollowerListVC.swift */ = {isa = PBXFileReference; lastKnownFileType = sourcecode.swift; path = FollowerListVC.swift; sourceTree = "<group>"; };
		18C6B14024ABE30400A10603 /* GFAlertContainerView.swift */ = {isa = PBXFileReference; lastKnownFileType = sourcecode.swift; path = GFAlertContainerView.swift; sourceTree = "<group>"; };
		18C6B14224ABE9F800A10603 /* GFDataLoadingVC.swift */ = {isa = PBXFileReference; lastKnownFileType = sourcecode.swift; path = GFDataLoadingVC.swift; sourceTree = "<group>"; };
		18C6B14424ABF2DC00A10603 /* UIView+Ext.swift */ = {isa = PBXFileReference; lastKnownFileType = sourcecode.swift; path = "UIView+Ext.swift"; sourceTree = "<group>"; };
		18C6B14624ABFCB900A10603 /* UITableView+Ext.swift */ = {isa = PBXFileReference; lastKnownFileType = sourcecode.swift; path = "UITableView+Ext.swift"; sourceTree = "<group>"; };
		18CC8D7524A47CDB002173EF /* GFTitleLabel.swift */ = {isa = PBXFileReference; lastKnownFileType = sourcecode.swift; path = GFTitleLabel.swift; sourceTree = "<group>"; };
		18CC8D7724A47E37002173EF /* GFBodyLabel.swift */ = {isa = PBXFileReference; lastKnownFileType = sourcecode.swift; path = GFBodyLabel.swift; sourceTree = "<group>"; };
		18CC8D7924A47F00002173EF /* CFAlertVC.swift */ = {isa = PBXFileReference; lastKnownFileType = sourcecode.swift; path = CFAlertVC.swift; sourceTree = "<group>"; };
		18CC8D7B24A485A6002173EF /* UIViewController+Ext.swift */ = {isa = PBXFileReference; lastKnownFileType = sourcecode.swift; path = "UIViewController+Ext.swift"; sourceTree = "<group>"; };
		18E5788424A90C8500C0705F /* GFItemInfoView.swift */ = {isa = PBXFileReference; lastKnownFileType = sourcecode.swift; path = GFItemInfoView.swift; sourceTree = "<group>"; };
		18E5788624A9117C00C0705F /* GFItemInfoVC.swift */ = {isa = PBXFileReference; lastKnownFileType = sourcecode.swift; path = GFItemInfoVC.swift; sourceTree = "<group>"; };
		18E5788824A916B800C0705F /* GFRepoItemVC1.swift */ = {isa = PBXFileReference; lastKnownFileType = sourcecode.swift; path = GFRepoItemVC1.swift; sourceTree = "<group>"; };
		18E5788A24A91AB900C0705F /* GFFollowerItemVC1.swift */ = {isa = PBXFileReference; lastKnownFileType = sourcecode.swift; path = GFFollowerItemVC1.swift; sourceTree = "<group>"; };
		18EF948424A4EBC1009A1670 /* Follower.swift */ = {isa = PBXFileReference; lastKnownFileType = sourcecode.swift; path = Follower.swift; sourceTree = "<group>"; };
		18EF948624A4EC81009A1670 /* User.swift */ = {isa = PBXFileReference; lastKnownFileType = sourcecode.swift; path = User.swift; sourceTree = "<group>"; };
		18EF948924A4F11F009A1670 /* NetworkManager.swift */ = {isa = PBXFileReference; lastKnownFileType = sourcecode.swift; path = NetworkManager.swift; sourceTree = "<group>"; };
/* End PBXFileReference section */

/* Begin PBXFrameworksBuildPhase section */
		18A7EEF024A4026A003F750A /* Frameworks */ = {
			isa = PBXFrameworksBuildPhase;
			buildActionMask = 2147483647;
			files = (
			);
			runOnlyForDeploymentPostprocessing = 0;
		};
/* End PBXFrameworksBuildPhase section */

/* Begin PBXGroup section */
		18570E5F24ABB3F300D9403D /* TabBarControllers */ = {
			isa = PBXGroup;
			children = (
				18570E6024ABB42100D9403D /* GFTabBarController.swift */,
			);
			path = TabBarControllers;
			sourceTree = "<group>";
		};
		18A7EEEA24A4026A003F750A = {
			isa = PBXGroup;
			children = (
				18A7EEF524A4026A003F750A /* GHFollowers */,
				18A7EEF424A4026A003F750A /* Products */,
			);
			sourceTree = "<group>";
		};
		18A7EEF424A4026A003F750A /* Products */ = {
			isa = PBXGroup;
			children = (
				18A7EEF324A4026A003F750A /* GHFollowers.app */,
			);
			name = Products;
			sourceTree = "<group>";
		};
		18A7EEF524A4026A003F750A /* GHFollowers */ = {
			isa = PBXGroup;
			children = (
				18A7EEF624A4026A003F750A /* AppDelegate.swift */,
				18A7EEF824A4026A003F750A /* SceneDelegate.swift */,
				18EF948B24A501A7009A1670 /* Utilities */,
				18EF948824A4F109009A1670 /* Managers */,
				18EF948324A4EBAE009A1670 /* Model */,
				18CC8D7F24A48996002173EF /* Extensions */,
				18CC8D7E24A48966002173EF /* Custom Views */,
				18CC8D7D24A4892E002173EF /* Screens */,
				18A7EF0424A4026D003F750A /* Info.plist */,
				18A7EF0124A4026D003F750A /* LaunchScreen.storyboard */,
				18A7EEFF24A4026D003F750A /* Assets.xcassets */,
			);
			path = GHFollowers;
			sourceTree = "<group>";
		};
		18CC8D7D24A4892E002173EF /* Screens */ = {
			isa = PBXGroup;
			children = (
				18A7EF0A24A409AA003F750A /* SearchVC.swift */,
				18A7EF1224A4281D003F750A /* FollowerListVC.swift */,
				18A7EF0C24A409DD003F750A /* FavoritesListVC.swift */,
				1822379124A77DC40036D6E3 /* UserInfoVC.swift */,
			);
			path = Screens;
			sourceTree = "<group>";
		};
		18CC8D7E24A48966002173EF /* Custom Views */ = {
			isa = PBXGroup;
			children = (
				18570E5F24ABB3F300D9403D /* TabBarControllers */,
				18E5788324A90BF700C0705F /* Cells */,
				18E5788224A90BC400C0705F /* Views */,
				18E5788124A90BB200C0705F /* Buttons */,
				18E5788024A90B9E00C0705F /* TextFields */,
				18E5787F24A90B7C00C0705F /* ImageViews */,
				18E5787E24A90B6500C0705F /* ViewControllers */,
				18E5787D24A90B4100C0705F /* Labels */,
			);
			path = "Custom Views";
			sourceTree = "<group>";
		};
		18CC8D7F24A48996002173EF /* Extensions */ = {
			isa = PBXGroup;
			children = (
				18CC8D7B24A485A6002173EF /* UIViewController+Ext.swift */,
				189DB59024A9215100E3A334 /* Date+Ext.swift */,
				18C6B14424ABF2DC00A10603 /* UIView+Ext.swift */,
				18C6B14624ABFCB900A10603 /* UITableView+Ext.swift */,
			);
			path = Extensions;
			sourceTree = "<group>";
		};
		18E5787D24A90B4100C0705F /* Labels */ = {
			isa = PBXGroup;
			children = (
				18CC8D7524A47CDB002173EF /* GFTitleLabel.swift */,
				18CC8D7724A47E37002173EF /* GFBodyLabel.swift */,
				188DDEFF24A7CE8A00AD50CD /* GFSecondaryTitleLabel.swift */,
			);
			path = Labels;
			sourceTree = "<group>";
		};
		18E5787E24A90B6500C0705F /* ViewControllers */ = {
			isa = PBXGroup;
			children = (
				18E5788C24A91B3100C0705F /* ItemInfoVCs */,
				188DDEFD24A7CE2400AD50CD /* GFUserInfoHeaderVC.swift */,
				18CC8D7924A47F00002173EF /* CFAlertVC.swift */,
				18C6B14224ABE9F800A10603 /* GFDataLoadingVC.swift */,
			);
			path = ViewControllers;
			sourceTree = "<group>";
		};
		18E5787F24A90B7C00C0705F /* ImageViews */ = {
			isa = PBXGroup;
			children = (
				188F8B5724A66AD100BD614D /* GFAvatarImageView.swift */,
			);
			path = ImageViews;
			sourceTree = "<group>";
		};
		18E5788024A90B9E00C0705F /* TextFields */ = {
			isa = PBXGroup;
			children = (
				18A7EF1024A414BC003F750A /* GFTextField.swift */,
			);
			path = TextFields;
			sourceTree = "<group>";
		};
		18E5788124A90BB200C0705F /* Buttons */ = {
			isa = PBXGroup;
			children = (
				18A7EF0E24A4116D003F750A /* GFButton.swift */,
			);
			path = Buttons;
			sourceTree = "<group>";
		};
		18E5788224A90BC400C0705F /* Views */ = {
			isa = PBXGroup;
			children = (
				188F8B5E24A69F4400BD614D /* GFEmptyStateView.swift */,
				18E5788424A90C8500C0705F /* GFItemInfoView.swift */,
				18C6B14024ABE30400A10603 /* GFAlertContainerView.swift */,
			);
			path = Views;
			sourceTree = "<group>";
		};
		18E5788324A90BF700C0705F /* Cells */ = {
			isa = PBXGroup;
			children = (
				188F8B5524A66A3B00BD614D /* FollowerCell.swift */,
				18570E5D24ABA57E00D9403D /* FavoriteCell.swift */,
			);
			path = Cells;
			sourceTree = "<group>";
		};
		18E5788C24A91B3100C0705F /* ItemInfoVCs */ = {
			isa = PBXGroup;
			children = (
				18E5788624A9117C00C0705F /* GFItemInfoVC.swift */,
				18E5788824A916B800C0705F /* GFRepoItemVC1.swift */,
				18E5788A24A91AB900C0705F /* GFFollowerItemVC1.swift */,
			);
			path = ItemInfoVCs;
			sourceTree = "<group>";
		};
		18EF948324A4EBAE009A1670 /* Model */ = {
			isa = PBXGroup;
			children = (
				18EF948424A4EBC1009A1670 /* Follower.swift */,
				18EF948624A4EC81009A1670 /* User.swift */,
			);
			path = Model;
			sourceTree = "<group>";
		};
		18EF948824A4F109009A1670 /* Managers */ = {
			isa = PBXGroup;
			children = (
				18EF948924A4F11F009A1670 /* NetworkManager.swift */,
				18570E5B24AB982500D9403D /* PersistenceManager.swift */,
			);
			path = Managers;
			sourceTree = "<group>";
		};
		18EF948B24A501A7009A1670 /* Utilities */ = {
			isa = PBXGroup;
			children = (
				188F8B5924A68B5700BD614D /* UIHelper.swift */,
				188DDEFB24A7C84000AD50CD /* GFError.swift */,
				188DDF0124A7D57A00AD50CD /* Constants.swift */,
			);
			path = Utilities;
			sourceTree = "<group>";
		};
/* End PBXGroup section */

/* Begin PBXNativeTarget section */
		18A7EEF224A4026A003F750A /* GHFollowers */ = {
			isa = PBXNativeTarget;
			buildConfigurationList = 18A7EF0724A4026D003F750A /* Build configuration list for PBXNativeTarget "GHFollowers" */;
			buildPhases = (
				18A7EEEF24A4026A003F750A /* Sources */,
				18A7EEF024A4026A003F750A /* Frameworks */,
				18A7EEF124A4026A003F750A /* Resources */,
			);
			buildRules = (
			);
			dependencies = (
			);
			name = GHFollowers;
			productName = GHFollowers;
			productReference = 18A7EEF324A4026A003F750A /* GHFollowers.app */;
			productType = "com.apple.product-type.application";
		};
/* End PBXNativeTarget section */

/* Begin PBXProject section */
		18A7EEEB24A4026A003F750A /* Project object */ = {
			isa = PBXProject;
			attributes = {
				LastSwiftUpdateCheck = 1150;
				LastUpgradeCheck = 1150;
				ORGANIZATIONNAME = creamcode;
				TargetAttributes = {
					18A7EEF224A4026A003F750A = {
						CreatedOnToolsVersion = 11.5;
					};
				};
			};
			buildConfigurationList = 18A7EEEE24A4026A003F750A /* Build configuration list for PBXProject "GHFollowers" */;
			compatibilityVersion = "Xcode 9.3";
			developmentRegion = en;
			hasScannedForEncodings = 0;
			knownRegions = (
				en,
				Base,
			);
			mainGroup = 18A7EEEA24A4026A003F750A;
			productRefGroup = 18A7EEF424A4026A003F750A /* Products */;
			projectDirPath = "";
			projectRoot = "";
			targets = (
				18A7EEF224A4026A003F750A /* GHFollowers */,
			);
		};
/* End PBXProject section */

/* Begin PBXResourcesBuildPhase section */
		18A7EEF124A4026A003F750A /* Resources */ = {
			isa = PBXResourcesBuildPhase;
			buildActionMask = 2147483647;
			files = (
				18A7EF0324A4026D003F750A /* LaunchScreen.storyboard in Resources */,
				18A7EF0024A4026D003F750A /* Assets.xcassets in Resources */,
			);
			runOnlyForDeploymentPostprocessing = 0;
		};
/* End PBXResourcesBuildPhase section */

/* Begin PBXSourcesBuildPhase section */
		18A7EEEF24A4026A003F750A /* Sources */ = {
			isa = PBXSourcesBuildPhase;
			buildActionMask = 2147483647;
			files = (
				18C6B14524ABF2DC00A10603 /* UIView+Ext.swift in Sources */,
				18EF948724A4EC81009A1670 /* User.swift in Sources */,
				18A7EF1124A414BC003F750A /* GFTextField.swift in Sources */,
				18A7EF0D24A409DD003F750A /* FavoritesListVC.swift in Sources */,
				18A7EF0F24A4116D003F750A /* GFButton.swift in Sources */,
				18CC8D7C24A485A6002173EF /* UIViewController+Ext.swift in Sources */,
				188F8B5A24A68B5700BD614D /* UIHelper.swift in Sources */,
				18E5788724A9117C00C0705F /* GFItemInfoVC.swift in Sources */,
				188DDF0224A7D57A00AD50CD /* Constants.swift in Sources */,
				188F8B5824A66AD100BD614D /* GFAvatarImageView.swift in Sources */,
				18A7EF0B24A409AA003F750A /* SearchVC.swift in Sources */,
				18CC8D7824A47E37002173EF /* GFBodyLabel.swift in Sources */,
				18E5788B24A91AB900C0705F /* GFFollowerItemVC1.swift in Sources */,
				18E5788524A90C8500C0705F /* GFItemInfoView.swift in Sources */,
				18570E5E24ABA57E00D9403D /* FavoriteCell.swift in Sources */,
				188F8B5624A66A3B00BD614D /* FollowerCell.swift in Sources */,
				18570E6124ABB42100D9403D /* GFTabBarController.swift in Sources */,
				18CC8D7624A47CDB002173EF /* GFTitleLabel.swift in Sources */,
				188DDEFE24A7CE2400AD50CD /* GFUserInfoHeaderVC.swift in Sources */,
				188DDEFC24A7C84000AD50CD /* GFError.swift in Sources */,
				18C6B14324ABE9F800A10603 /* GFDataLoadingVC.swift in Sources */,
				18EF948524A4EBC1009A1670 /* Follower.swift in Sources */,
				18C6B14124ABE30400A10603 /* GFAlertContainerView.swift in Sources */,
				18A7EF1324A4281D003F750A /* FollowerListVC.swift in Sources */,
				189DB59124A9215100E3A334 /* Date+Ext.swift in Sources */,
				18570E5C24AB982500D9403D /* PersistenceManager.swift in Sources */,
				188DDF0024A7CE8A00AD50CD /* GFSecondaryTitleLabel.swift in Sources */,
				188F8B5F24A69F4400BD614D /* GFEmptyStateView.swift in Sources */,
				18EF948A24A4F11F009A1670 /* NetworkManager.swift in Sources */,
				18A7EEF724A4026A003F750A /* AppDelegate.swift in Sources */,
				18CC8D7A24A47F00002173EF /* CFAlertVC.swift in Sources */,
				18A7EEF924A4026A003F750A /* SceneDelegate.swift in Sources */,
				18C6B14724ABFCB900A10603 /* UITableView+Ext.swift in Sources */,
				18E5788924A916B800C0705F /* GFRepoItemVC1.swift in Sources */,
				1822379224A77DC40036D6E3 /* UserInfoVC.swift in Sources */,
			);
			runOnlyForDeploymentPostprocessing = 0;
		};
/* End PBXSourcesBuildPhase section */

/* Begin PBXVariantGroup section */
		18A7EF0124A4026D003F750A /* LaunchScreen.storyboard */ = {
			isa = PBXVariantGroup;
			children = (
				18A7EF0224A4026D003F750A /* Base */,
			);
			name = LaunchScreen.storyboard;
			sourceTree = "<group>";
		};
/* End PBXVariantGroup section */

/* Begin XCBuildConfiguration section */
		18A7EF0524A4026D003F750A /* Debug */ = {
			isa = XCBuildConfiguration;
			buildSettings = {
				ALWAYS_SEARCH_USER_PATHS = NO;
				CLANG_ANALYZER_NONNULL = YES;
				CLANG_ANALYZER_NUMBER_OBJECT_CONVERSION = YES_AGGRESSIVE;
				CLANG_CXX_LANGUAGE_STANDARD = "gnu++14";
				CLANG_CXX_LIBRARY = "libc++";
				CLANG_ENABLE_MODULES = YES;
				CLANG_ENABLE_OBJC_ARC = YES;
				CLANG_ENABLE_OBJC_WEAK = YES;
				CLANG_WARN_BLOCK_CAPTURE_AUTORELEASING = YES;
				CLANG_WARN_BOOL_CONVERSION = YES;
				CLANG_WARN_COMMA = YES;
				CLANG_WARN_CONSTANT_CONVERSION = YES;
				CLANG_WARN_DEPRECATED_OBJC_IMPLEMENTATIONS = YES;
				CLANG_WARN_DIRECT_OBJC_ISA_USAGE = YES_ERROR;
				CLANG_WARN_DOCUMENTATION_COMMENTS = YES;
				CLANG_WARN_EMPTY_BODY = YES;
				CLANG_WARN_ENUM_CONVERSION = YES;
				CLANG_WARN_INFINITE_RECURSION = YES;
				CLANG_WARN_INT_CONVERSION = YES;
				CLANG_WARN_NON_LITERAL_NULL_CONVERSION = YES;
				CLANG_WARN_OBJC_IMPLICIT_RETAIN_SELF = YES;
				CLANG_WARN_OBJC_LITERAL_CONVERSION = YES;
				CLANG_WARN_OBJC_ROOT_CLASS = YES_ERROR;
				CLANG_WARN_RANGE_LOOP_ANALYSIS = YES;
				CLANG_WARN_STRICT_PROTOTYPES = YES;
				CLANG_WARN_SUSPICIOUS_MOVE = YES;
				CLANG_WARN_UNGUARDED_AVAILABILITY = YES_AGGRESSIVE;
				CLANG_WARN_UNREACHABLE_CODE = YES;
				CLANG_WARN__DUPLICATE_METHOD_MATCH = YES;
				COPY_PHASE_STRIP = NO;
				DEBUG_INFORMATION_FORMAT = dwarf;
				ENABLE_STRICT_OBJC_MSGSEND = YES;
				ENABLE_TESTABILITY = YES;
				GCC_C_LANGUAGE_STANDARD = gnu11;
				GCC_DYNAMIC_NO_PIC = NO;
				GCC_NO_COMMON_BLOCKS = YES;
				GCC_OPTIMIZATION_LEVEL = 0;
				GCC_PREPROCESSOR_DEFINITIONS = (
					"DEBUG=1",
					"$(inherited)",
				);
				GCC_WARN_64_TO_32_BIT_CONVERSION = YES;
				GCC_WARN_ABOUT_RETURN_TYPE = YES_ERROR;
				GCC_WARN_UNDECLARED_SELECTOR = YES;
				GCC_WARN_UNINITIALIZED_AUTOS = YES_AGGRESSIVE;
				GCC_WARN_UNUSED_FUNCTION = YES;
				GCC_WARN_UNUSED_VARIABLE = YES;
				IPHONEOS_DEPLOYMENT_TARGET = 13.5;
				MTL_ENABLE_DEBUG_INFO = INCLUDE_SOURCE;
				MTL_FAST_MATH = YES;
				ONLY_ACTIVE_ARCH = YES;
				SDKROOT = iphoneos;
				SWIFT_ACTIVE_COMPILATION_CONDITIONS = DEBUG;
				SWIFT_OPTIMIZATION_LEVEL = "-Onone";
			};
			name = Debug;
		};
		18A7EF0624A4026D003F750A /* Release */ = {
			isa = XCBuildConfiguration;
			buildSettings = {
				ALWAYS_SEARCH_USER_PATHS = NO;
				CLANG_ANALYZER_NONNULL = YES;
				CLANG_ANALYZER_NUMBER_OBJECT_CONVERSION = YES_AGGRESSIVE;
				CLANG_CXX_LANGUAGE_STANDARD = "gnu++14";
				CLANG_CXX_LIBRARY = "libc++";
				CLANG_ENABLE_MODULES = YES;
				CLANG_ENABLE_OBJC_ARC = YES;
				CLANG_ENABLE_OBJC_WEAK = YES;
				CLANG_WARN_BLOCK_CAPTURE_AUTORELEASING = YES;
				CLANG_WARN_BOOL_CONVERSION = YES;
				CLANG_WARN_COMMA = YES;
				CLANG_WARN_CONSTANT_CONVERSION = YES;
				CLANG_WARN_DEPRECATED_OBJC_IMPLEMENTATIONS = YES;
				CLANG_WARN_DIRECT_OBJC_ISA_USAGE = YES_ERROR;
				CLANG_WARN_DOCUMENTATION_COMMENTS = YES;
				CLANG_WARN_EMPTY_BODY = YES;
				CLANG_WARN_ENUM_CONVERSION = YES;
				CLANG_WARN_INFINITE_RECURSION = YES;
				CLANG_WARN_INT_CONVERSION = YES;
				CLANG_WARN_NON_LITERAL_NULL_CONVERSION = YES;
				CLANG_WARN_OBJC_IMPLICIT_RETAIN_SELF = YES;
				CLANG_WARN_OBJC_LITERAL_CONVERSION = YES;
				CLANG_WARN_OBJC_ROOT_CLASS = YES_ERROR;
				CLANG_WARN_RANGE_LOOP_ANALYSIS = YES;
				CLANG_WARN_STRICT_PROTOTYPES = YES;
				CLANG_WARN_SUSPICIOUS_MOVE = YES;
				CLANG_WARN_UNGUARDED_AVAILABILITY = YES_AGGRESSIVE;
				CLANG_WARN_UNREACHABLE_CODE = YES;
				CLANG_WARN__DUPLICATE_METHOD_MATCH = YES;
				COPY_PHASE_STRIP = NO;
				DEBUG_INFORMATION_FORMAT = "dwarf-with-dsym";
				ENABLE_NS_ASSERTIONS = NO;
				ENABLE_STRICT_OBJC_MSGSEND = YES;
				GCC_C_LANGUAGE_STANDARD = gnu11;
				GCC_NO_COMMON_BLOCKS = YES;
				GCC_WARN_64_TO_32_BIT_CONVERSION = YES;
				GCC_WARN_ABOUT_RETURN_TYPE = YES_ERROR;
				GCC_WARN_UNDECLARED_SELECTOR = YES;
				GCC_WARN_UNINITIALIZED_AUTOS = YES_AGGRESSIVE;
				GCC_WARN_UNUSED_FUNCTION = YES;
				GCC_WARN_UNUSED_VARIABLE = YES;
				IPHONEOS_DEPLOYMENT_TARGET = 13.5;
				MTL_ENABLE_DEBUG_INFO = NO;
				MTL_FAST_MATH = YES;
				SDKROOT = iphoneos;
				SWIFT_COMPILATION_MODE = wholemodule;
				SWIFT_OPTIMIZATION_LEVEL = "-O";
				VALIDATE_PRODUCT = YES;
			};
			name = Release;
		};
		18A7EF0824A4026D003F750A /* Debug */ = {
			isa = XCBuildConfiguration;
			buildSettings = {
				ASSETCATALOG_COMPILER_APPICON_NAME = AppIcon;
				CODE_SIGN_STYLE = Automatic;
				DEVELOPMENT_TEAM = CXK6CY3MPT;
				INFOPLIST_FILE = GHFollowers/Info.plist;
				LD_RUNPATH_SEARCH_PATHS = (
					"$(inherited)",
					"@executable_path/Frameworks",
				);
				PRODUCT_BUNDLE_IDENTIFIER = creamcode.GHFollowers;
				PRODUCT_NAME = "$(TARGET_NAME)";
				SWIFT_VERSION = 5.0;
				TARGETED_DEVICE_FAMILY = 1;
			};
			name = Debug;
		};
		18A7EF0924A4026D003F750A /* Release */ = {
			isa = XCBuildConfiguration;
			buildSettings = {
				ASSETCATALOG_COMPILER_APPICON_NAME = AppIcon;
				CODE_SIGN_STYLE = Automatic;
				DEVELOPMENT_TEAM = CXK6CY3MPT;
				INFOPLIST_FILE = GHFollowers/Info.plist;
				LD_RUNPATH_SEARCH_PATHS = (
					"$(inherited)",
					"@executable_path/Frameworks",
				);
				PRODUCT_BUNDLE_IDENTIFIER = creamcode.GHFollowers;
				PRODUCT_NAME = "$(TARGET_NAME)";
				SWIFT_VERSION = 5.0;
				TARGETED_DEVICE_FAMILY = 1;
			};
			name = Release;
		};
/* End XCBuildConfiguration section */

/* Begin XCConfigurationList section */
		18A7EEEE24A4026A003F750A /* Build configuration list for PBXProject "GHFollowers" */ = {
			isa = XCConfigurationList;
			buildConfigurations = (
				18A7EF0524A4026D003F750A /* Debug */,
				18A7EF0624A4026D003F750A /* Release */,
			);
			defaultConfigurationIsVisible = 0;
			defaultConfigurationName = Release;
		};
		18A7EF0724A4026D003F750A /* Build configuration list for PBXNativeTarget "GHFollowers" */ = {
			isa = XCConfigurationList;
			buildConfigurations = (
				18A7EF0824A4026D003F750A /* Debug */,
				18A7EF0924A4026D003F750A /* Release */,
			);
			defaultConfigurationIsVisible = 0;
			defaultConfigurationName = Release;
		};
/* End XCConfigurationList section */
	};
	rootObject = 18A7EEEB24A4026A003F750A /* Project object */;
}
